
Microsoft Visual Studio Solution File, Format Version 12.00
# Visual Studio Version 17
VisualStudioVersion = 17.10.34804.81
MinimumVisualStudioVersion = 10.0.40219.1
Project("{FAE04EC0-301F-11D3-BF4B-00C04F79EFBC}") = "FluentBlazorApp1", "FluentBlazorApp1\FluentBlazorApp1\FluentBlazorApp1.csproj", "{FAF9D8AE-904E-4C21-A345-A735733D3CA4}"
EndProject
Project("{FAE04EC0-301F-11D3-BF4B-00C04F79EFBC}") = "FluentBlazorApp1.Client", "FluentBlazorApp1\FluentBlazorApp1.Client\FluentBlazorApp1.Client.csproj", "{96715AE2-90DA-429F-9BE1-D92CA6835314}"
EndProject
Global
	GlobalSection(SolutionConfigurationPlatforms) = preSolution
		Debug|Any CPU = Debug|Any CPU
		Release|Any CPU = Release|Any CPU
	EndGlobalSection
	GlobalSection(ProjectConfigurationPlatforms) = postSolution
		{FAF9D8AE-904E-4C21-A345-A735733D3CA4}.Debug|Any CPU.ActiveCfg = Debug|Any CPU
		{FAF9D8AE-904E-4C21-A345-A735733D3CA4}.Debug|Any CPU.Build.0 = Debug|Any CPU
		{FAF9D8AE-904E-4C21-A345-A735733D3CA4}.Release|Any CPU.ActiveCfg = Release|Any CPU
		{FAF9D8AE-904E-4C21-A345-A735733D3CA4}.Release|Any CPU.Build.0 = Release|Any CPU
		{96715AE2-90DA-429F-9BE1-D92CA6835314}.Debug|Any CPU.ActiveCfg = Debug|Any CPU
		{96715AE2-90DA-429F-9BE1-D92CA6835314}.Debug|Any CPU.Build.0 = Debug|Any CPU
		{96715AE2-90DA-429F-9BE1-D92CA6835314}.Release|Any CPU.ActiveCfg = Release|Any CPU
		{96715AE2-90DA-429F-9BE1-D92CA6835314}.Release|Any CPU.Build.0 = Release|Any CPU
	EndGlobalSection
	GlobalSection(SolutionProperties) = preSolution
		HideSolutionNode = FALSE
	EndGlobalSection
	GlobalSection(ExtensibilityGlobals) = postSolution
		SolutionGuid = {15D5F713-4AD8-406A-B20B-A063092E1F3A}
	EndGlobalSection
EndGlobal
